
Microsoft Visual Studio Solution File, Format Version 12.00
# Visual Studio Version 17
VisualStudioVersion = 17.13.35818.85
MinimumVisualStudioVersion = 10.0.40219.1
Project("{FAE04EC0-301F-11D3-BF4B-00C04F79EFBC}") = "PhantomRender", "PhantomRender\PhantomRender.csproj", "{83BC6BFB-B7EC-4F34-A25E-727B1011FFBA}"
EndProject
Project("{FAE04EC0-301F-11D3-BF4B-00C04F79EFBC}") = "PhantomRender.ImGui", "PhantomRender.ImGui\PhantomRender.ImGui.csproj", "{86E691F7-03B6-49A6-9C1E-8E1B18B3951D}"
EndProject
Project("{FAE04EC0-301F-11D3-BF4B-00C04F79EFBC}") = "PhantomRender.ImGui.Native", "PhantomRender.ImGui.Native\PhantomRender.ImGui.Native.csproj", "{3DB1DC50-1191-46C8-BED8-9272FFA3387E}"
EndProject
Project("{FAE04EC0-301F-11D3-BF4B-00C04F79EFBC}") = "MinHook.NET", "..\Other\Minhook.NET-NAOT-master\MinHook.NET\MinHook.NET.csproj", "{B87B4C5E-9214-4823-9582-938475892346}"
EndProject
Project("{FAE04EC0-301F-11D3-BF4B-00C04F79EFBC}") = "SharpDisasm", "..\Other\Minhook.NET-NAOT-master\MinHook.NET\SharpDisasm\SharpDisasm.csproj", "{C87B4C5E-9214-4823-9582-938475892347}"
EndProject
Global
	GlobalSection(SolutionConfigurationPlatforms) = preSolution
		Debug|Any CPU = Debug|Any CPU
		Debug|x64 = Debug|x64
		Debug|x86 = Debug|x86
		Release|Any CPU = Release|Any CPU
		Release|x64 = Release|x64
		Release|x86 = Release|x86
	EndGlobalSection
	GlobalSection(ProjectConfigurationPlatforms) = postSolution
		{83BC6BFB-B7EC-4F34-A25E-727B1011FFBA}.Debug|Any CPU.ActiveCfg = Debug|Any CPU
		{83BC6BFB-B7EC-4F34-A25E-727B1011FFBA}.Debug|Any CPU.Build.0 = Debug|Any CPU
		{83BC6BFB-B7EC-4F34-A25E-727B1011FFBA}.Debug|x64.ActiveCfg = Debug|Any CPU
		{83BC6BFB-B7EC-4F34-A25E-727B1011FFBA}.Debug|x64.Build.0 = Debug|Any CPU
		{83BC6BFB-B7EC-4F34-A25E-727B1011FFBA}.Debug|x86.ActiveCfg = Debug|Any CPU
		{83BC6BFB-B7EC-4F34-A25E-727B1011FFBA}.Debug|x86.Build.0 = Debug|Any CPU
		{83BC6BFB-B7EC-4F34-A25E-727B1011FFBA}.Release|Any CPU.ActiveCfg = Release|Any CPU
		{83BC6BFB-B7EC-4F34-A25E-727B1011FFBA}.Release|Any CPU.Build.0 = Release|Any CPU
		{83BC6BFB-B7EC-4F34-A25E-727B1011FFBA}.Release|x64.ActiveCfg = Release|Any CPU
		{83BC6BFB-B7EC-4F34-A25E-727B1011FFBA}.Release|x64.Build.0 = Release|Any CPU
		{83BC6BFB-B7EC-4F34-A25E-727B1011FFBA}.Release|x86.ActiveCfg = Release|Any CPU
		{83BC6BFB-B7EC-4F34-A25E-727B1011FFBA}.Release|x86.Build.0 = Release|Any CPU
		{86E691F7-03B6-49A6-9C1E-8E1B18B3951D}.Debug|Any CPU.ActiveCfg = Debug|x64
		{86E691F7-03B6-49A6-9C1E-8E1B18B3951D}.Debug|Any CPU.Build.0 = Debug|x64
		{86E691F7-03B6-49A6-9C1E-8E1B18B3951D}.Debug|x64.ActiveCfg = Debug|x64
		{86E691F7-03B6-49A6-9C1E-8E1B18B3951D}.Debug|x64.Build.0 = Debug|x64
		{86E691F7-03B6-49A6-9C1E-8E1B18B3951D}.Debug|x86.ActiveCfg = Debug|x86
		{86E691F7-03B6-49A6-9C1E-8E1B18B3951D}.Debug|x86.Build.0 = Debug|x86
		{86E691F7-03B6-49A6-9C1E-8E1B18B3951D}.Release|Any CPU.ActiveCfg = Release|x64
		{86E691F7-03B6-49A6-9C1E-8E1B18B3951D}.Release|Any CPU.Build.0 = Release|x64
		{86E691F7-03B6-49A6-9C1E-8E1B18B3951D}.Release|x64.ActiveCfg = Release|x64
		{86E691F7-03B6-49A6-9C1E-8E1B18B3951D}.Release|x64.Build.0 = Release|x64
		{86E691F7-03B6-49A6-9C1E-8E1B18B3951D}.Release|x86.ActiveCfg = Release|x86
		{86E691F7-03B6-49A6-9C1E-8E1B18B3951D}.Release|x86.Build.0 = Release|x86
		{3DB1DC50-1191-46C8-BED8-9272FFA3387E}.Debug|Any CPU.ActiveCfg = Debug|x64
		{3DB1DC50-1191-46C8-BED8-9272FFA3387E}.Debug|Any CPU.Build.0 = Debug|x64
		{3DB1DC50-1191-46C8-BED8-9272FFA3387E}.Debug|x64.ActiveCfg = Debug|x64
		{3DB1DC50-1191-46C8-BED8-9272FFA3387E}.Debug|x64.Build.0 = Debug|x64
		{3DB1DC50-1191-46C8-BED8-9272FFA3387E}.Debug|x86.ActiveCfg = Debug|x86
		{3DB1DC50-1191-46C8-BED8-9272FFA3387E}.Debug|x86.Build.0 = Debug|x86
		{3DB1DC50-1191-46C8-BED8-9272FFA3387E}.Release|Any CPU.ActiveCfg = Release|x64
		{3DB1DC50-1191-46C8-BED8-9272FFA3387E}.Release|Any CPU.Build.0 = Release|x64
		{3DB1DC50-1191-46C8-BED8-9272FFA3387E}.Release|x64.ActiveCfg = Release|x64
		{3DB1DC50-1191-46C8-BED8-9272FFA3387E}.Release|x64.Build.0 = Release|x64
		{3DB1DC50-1191-46C8-BED8-9272FFA3387E}.Release|x86.ActiveCfg = Release|x86
		{3DB1DC50-1191-46C8-BED8-9272FFA3387E}.Release|x86.Build.0 = Release|x86
		{B87B4C5E-9214-4823-9582-938475892346}.Debug|Any CPU.ActiveCfg = Debug|x64
		{B87B4C5E-9214-4823-9582-938475892346}.Debug|Any CPU.Build.0 = Debug|x64
		{B87B4C5E-9214-4823-9582-938475892346}.Debug|x64.ActiveCfg = Debug|x64
		{B87B4C5E-9214-4823-9582-938475892346}.Debug|x64.Build.0 = Debug|x64
		{B87B4C5E-9214-4823-9582-938475892346}.Debug|x86.ActiveCfg = Debug|x86
		{B87B4C5E-9214-4823-9582-938475892346}.Debug|x86.Build.0 = Debug|x86
		{B87B4C5E-9214-4823-9582-938475892346}.Release|Any CPU.ActiveCfg = Release|x64
		{B87B4C5E-9214-4823-9582-938475892346}.Release|Any CPU.Build.0 = Release|x64
		{B87B4C5E-9214-4823-9582-938475892346}.Release|x64.ActiveCfg = Release|x64
		{B87B4C5E-9214-4823-9582-938475892346}.Release|x64.Build.0 = Release|x64
		{B87B4C5E-9214-4823-9582-938475892346}.Release|x86.ActiveCfg = Release|x86
		{B87B4C5E-9214-4823-9582-938475892346}.Release|x86.Build.0 = Release|x86
		{C87B4C5E-9214-4823-9582-938475892347}.Debug|Any CPU.ActiveCfg = Debug|Any CPU
		{C87B4C5E-9214-4823-9582-938475892347}.Debug|Any CPU.Build.0 = Debug|Any CPU
		{C87B4C5E-9214-4823-9582-938475892347}.Debug|x64.ActiveCfg = Debug|Any CPU
		{C87B4C5E-9214-4823-9582-938475892347}.Debug|x64.Build.0 = Debug|Any CPU
		{C87B4C5E-9214-4823-9582-938475892347}.Debug|x86.ActiveCfg = Debug|Any CPU
		{C87B4C5E-9214-4823-9582-938475892347}.Debug|x86.Build.0 = Debug|Any CPU
		{C87B4C5E-9214-4823-9582-938475892347}.Release|Any CPU.ActiveCfg = Release|Any CPU
		{C87B4C5E-9214-4823-9582-938475892347}.Release|Any CPU.Build.0 = Release|Any CPU
		{C87B4C5E-9214-4823-9582-938475892347}.Release|x64.ActiveCfg = Release|Any CPU
		{C87B4C5E-9214-4823-9582-938475892347}.Release|x64.Build.0 = Release|Any CPU
		{C87B4C5E-9214-4823-9582-938475892347}.Release|x86.ActiveCfg = Release|Any CPU
		{C87B4C5E-9214-4823-9582-938475892347}.Release|x86.Build.0 = Release|Any CPU
	EndGlobalSection
	GlobalSection(SolutionProperties) = preSolution
		HideSolutionNode = FALSE
	EndGlobalSection
	GlobalSection(ExtensibilityGlobals) = postSolution
		SolutionGuid = {8E58858B-9B49-4C7F-B554-0B956A30530F}
	EndGlobalSection
EndGlobal
